
Microsoft Visual Studio Solution File, Format Version 12.00
# Visual Studio 15
VisualStudioVersion = 15.0.27428.2015
MinimumVisualStudioVersion = 10.0.40219.1
Project("{9A19103F-16F7-4668-BE54-9A1E7A4F7556}") = "PerfectGym.AutomergeBot", "PerfectGym.AutomergeBot\PerfectGym.AutomergeBot.csproj", "{0921C74D-7599-4511-ABAE-A2EEFAF25D4A}"
EndProject
Project("{9A19103F-16F7-4668-BE54-9A1E7A4F7556}") = "PerfectGym.AutomergeBot.ConsoleHost", "PerfectGym.AutomergeBot.ConsoleHost\PerfectGym.AutomergeBot.ConsoleHost.csproj", "{95109169-25EB-460B-B848-A26B771C3C59}"
EndProject
Project("{9A19103F-16F7-4668-BE54-9A1E7A4F7556}") = "PerfectGym.AutomergeBot.WindowsService", "PerfectGym.AutomergeBot.WindowsService\PerfectGym.AutomergeBot.WindowsService.csproj", "{C7298CF9-6102-44D8-AB70-221464C353E5}"
EndProject
Project("{2150E333-8FDC-42A3-9474-1A3956D46DE8}") = "submodules", "submodules", "{606995E4-90CD-4224-AFAE-ED6764559ACA}"
EndProject
Project("{9A19103F-16F7-4668-BE54-9A1E7A4F7556}") = "SlackClientStandard", "submodules\SlackClientStandard\SlackClientStandard.csproj", "{6CE60E03-79B4-433F-B933-A569FF2BC430}"
EndProject
Global
	GlobalSection(SolutionConfigurationPlatforms) = preSolution
		Debug|Any CPU = Debug|Any CPU
		Release|Any CPU = Release|Any CPU
	EndGlobalSection
	GlobalSection(ProjectConfigurationPlatforms) = postSolution
		{0921C74D-7599-4511-ABAE-A2EEFAF25D4A}.Debug|Any CPU.ActiveCfg = Debug|Any CPU
		{0921C74D-7599-4511-ABAE-A2EEFAF25D4A}.Debug|Any CPU.Build.0 = Debug|Any CPU
		{0921C74D-7599-4511-ABAE-A2EEFAF25D4A}.Release|Any CPU.ActiveCfg = Release|Any CPU
		{0921C74D-7599-4511-ABAE-A2EEFAF25D4A}.Release|Any CPU.Build.0 = Release|Any CPU
		{95109169-25EB-460B-B848-A26B771C3C59}.Debug|Any CPU.ActiveCfg = Debug|Any CPU
		{95109169-25EB-460B-B848-A26B771C3C59}.Debug|Any CPU.Build.0 = Debug|Any CPU
		{95109169-25EB-460B-B848-A26B771C3C59}.Release|Any CPU.ActiveCfg = Release|Any CPU
		{95109169-25EB-460B-B848-A26B771C3C59}.Release|Any CPU.Build.0 = Release|Any CPU
		{C7298CF9-6102-44D8-AB70-221464C353E5}.Debug|Any CPU.ActiveCfg = Debug|Any CPU
		{C7298CF9-6102-44D8-AB70-221464C353E5}.Debug|Any CPU.Build.0 = Debug|Any CPU
		{C7298CF9-6102-44D8-AB70-221464C353E5}.Release|Any CPU.ActiveCfg = Release|Any CPU
		{C7298CF9-6102-44D8-AB70-221464C353E5}.Release|Any CPU.Build.0 = Release|Any CPU
		{6CE60E03-79B4-433F-B933-A569FF2BC430}.Debug|Any CPU.ActiveCfg = Debug|Any CPU
		{6CE60E03-79B4-433F-B933-A569FF2BC430}.Debug|Any CPU.Build.0 = Debug|Any CPU
		{6CE60E03-79B4-433F-B933-A569FF2BC430}.Release|Any CPU.ActiveCfg = Release|Any CPU
		{6CE60E03-79B4-433F-B933-A569FF2BC430}.Release|Any CPU.Build.0 = Release|Any CPU
	EndGlobalSection
	GlobalSection(SolutionProperties) = preSolution
		HideSolutionNode = FALSE
	EndGlobalSection
	GlobalSection(NestedProjects) = preSolution
		{6CE60E03-79B4-433F-B933-A569FF2BC430} = {606995E4-90CD-4224-AFAE-ED6764559ACA}
	EndGlobalSection
	GlobalSection(ExtensibilityGlobals) = postSolution
		SolutionGuid = {0F41A56E-54D8-43C2-9FCE-093CA2097CB7}
	EndGlobalSection
EndGlobal
